
Microsoft Visual Studio Solution File, Format Version 12.00
# Visual Studio Version 17
VisualStudioVersion = 17.8.34322.80
MinimumVisualStudioVersion = 10.0.40219.1
Project("{FAE04EC0-301F-11D3-BF4B-00C04F79EFBC}") = "Library4", "Library4\Library4.csproj", "{8B265867-65E8-42BD-8EF0-9285F9497392}"
EndProject
Global
	GlobalSection(SolutionConfigurationPlatforms) = preSolution
		Debug|Any CPU = Debug|Any CPU
		Release|Any CPU = Release|Any CPU
	EndGlobalSection
	GlobalSection(ProjectConfigurationPlatforms) = postSolution
		{8B265867-65E8-42BD-8EF0-9285F9497392}.Debug|Any CPU.ActiveCfg = Debug|Any CPU
		{8B265867-65E8-42BD-8EF0-9285F9497392}.Debug|Any CPU.Build.0 = Debug|Any CPU
		{8B265867-65E8-42BD-8EF0-9285F9497392}.Release|Any CPU.ActiveCfg = Release|Any CPU
		{8B265867-65E8-42BD-8EF0-9285F9497392}.Release|Any CPU.Build.0 = Release|Any CPU
	EndGlobalSection
	GlobalSection(SolutionProperties) = preSolution
		HideSolutionNode = FALSE
	EndGlobalSection
	GlobalSection(ExtensibilityGlobals) = postSolution
		SolutionGuid = {1BD34B56-1E80-4154-967D-90C1F229326F}
	EndGlobalSection
EndGlobal
